
Microsoft Visual Studio Solution File, Format Version 12.00
# Visual Studio Version 17
VisualStudioVersion = 17.4.33205.214
MinimumVisualStudioVersion = 10.0.40219.1
Project("{FAE04EC0-301F-11D3-BF4B-00C04F79EFBC}") = "RESTFULAPI_Automation_2.1", "RESTFULAPI_Automation_2.1\RESTFULAPI_Automation_2.1.csproj", "{10900230-2C6A-4DB8-8328-CFE4D4E1CB8D}"
EndProject
Global
	GlobalSection(SolutionConfigurationPlatforms) = preSolution
		Debug|Any CPU = Debug|Any CPU
		Release|Any CPU = Release|Any CPU
	EndGlobalSection
	GlobalSection(ProjectConfigurationPlatforms) = postSolution
		{10900230-2C6A-4DB8-8328-CFE4D4E1CB8D}.Debug|Any CPU.ActiveCfg = Debug|Any CPU
		{10900230-2C6A-4DB8-8328-CFE4D4E1CB8D}.Debug|Any CPU.Build.0 = Debug|Any CPU
		{10900230-2C6A-4DB8-8328-CFE4D4E1CB8D}.Release|Any CPU.ActiveCfg = Release|Any CPU
		{10900230-2C6A-4DB8-8328-CFE4D4E1CB8D}.Release|Any CPU.Build.0 = Release|Any CPU
	EndGlobalSection
	GlobalSection(SolutionProperties) = preSolution
		HideSolutionNode = FALSE
	EndGlobalSection
	GlobalSection(ExtensibilityGlobals) = postSolution
		SolutionGuid = {F9D5A117-A72A-46FB-8250-6B3DEF8435D1}
	EndGlobalSection
EndGlobal
